{
  "projects": [
    {
      "projectId": "seaQhLVS4bbjiGvJJrRwyL",
      "version": "15.0.3",
      "dependencies": {},
      "lang": "ts",
      "fileLocks": [
        {
          "assetId": "seaQhLVS4bbjiGvJJrRwyL",
          "type": "projectCss",
          "checksum": "3a2c1605ed5a5a7896e997467a883c93"
        }
      ],
      "codegenVersion": "0.0.1"
    },
    {
      "projectId": "2raDFPVZyxhajMgTww3PMj",
      "version": "latest",
      "dependencies": {
        "seaQhLVS4bbjiGvJJrRwyL": "15.0.3"
      },
      "lang": "ts",
      "fileLocks": [
        {
          "type": "globalVariant",
          "assetId": "8qkQJC6R6Ze0Ii",
          "checksum": "b0212b8acdba3eedd21ef7ef5f8cd400"
        },
        {
          "assetId": "2raDFPVZyxhajMgTww3PMj",
          "type": "projectCss",
          "checksum": "448f971c4ce35cd71c64511a04a5bce9"
        },
        {
          "type": "renderModule",
          "assetId": "W9Oovup02gG3u",
          "checksum": "d83c9bd710c82b3301c66f582ec4d47a"
        },
        {
          "type": "cssRules",
          "assetId": "W9Oovup02gG3u",
          "checksum": "d83c9bd710c82b3301c66f582ec4d47a"
        },
        {
          "type": "renderModule",
          "assetId": "sOsmmf3o-zZuL",
          "checksum": "6b7f1768a48a942bd17e1393200a0579"
        },
        {
          "type": "cssRules",
          "assetId": "sOsmmf3o-zZuL",
          "checksum": "6b7f1768a48a942bd17e1393200a0579"
        },
        {
          "type": "renderModule",
          "assetId": "0i_17o-ZhOAD6",
          "checksum": "08e5b99b5481db4648e17f81086dda8e"
        },
        {
          "type": "cssRules",
          "assetId": "0i_17o-ZhOAD6",
          "checksum": "08e5b99b5481db4648e17f81086dda8e"
        },
        {
          "type": "renderModule",
          "assetId": "45TRcn8kBZSuL",
          "checksum": "8894aded55af6a3452b7e1561ec2a2e4"
        },
        {
          "type": "cssRules",
          "assetId": "45TRcn8kBZSuL",
          "checksum": "8894aded55af6a3452b7e1561ec2a2e4"
        },
        {
          "type": "renderModule",
          "assetId": "KwyZ3R7Jq3Yn_",
          "checksum": "b3f89cf2209d431586dc5f90694afa97"
        },
        {
          "type": "cssRules",
          "assetId": "KwyZ3R7Jq3Yn_",
          "checksum": "b3f89cf2209d431586dc5f90694afa97"
        },
        {
          "type": "renderModule",
          "assetId": "zCvykAbvYMxcA",
          "checksum": "99eaf13b20c03958de25f275f156fa20"
        },
        {
          "type": "cssRules",
          "assetId": "zCvykAbvYMxcA",
          "checksum": "99eaf13b20c03958de25f275f156fa20"
        },
        {
          "type": "renderModule",
          "assetId": "s9wHHSz97UqhRG",
          "checksum": "db4369f963f64dff1af35b7a61c0cec3"
        },
        {
          "type": "cssRules",
          "assetId": "s9wHHSz97UqhRG",
          "checksum": "db4369f963f64dff1af35b7a61c0cec3"
        },
        {
          "type": "renderModule",
          "assetId": "Ce1fecoZqbnNd4",
          "checksum": "4bb1afe27802f59768829b4b0258bd07"
        },
        {
          "type": "cssRules",
          "assetId": "Ce1fecoZqbnNd4",
          "checksum": "4bb1afe27802f59768829b4b0258bd07"
        },
        {
          "type": "renderModule",
          "assetId": "O7g1EB5Mbxk2gQ",
          "checksum": "4da6f468b28c4f78482098a6509d71d8"
        },
        {
          "type": "cssRules",
          "assetId": "O7g1EB5Mbxk2gQ",
          "checksum": "4da6f468b28c4f78482098a6509d71d8"
        },
        {
          "type": "renderModule",
          "assetId": "qxPEdg9gbaUkFK",
          "checksum": "0ed864a32f666f8745a15821e686da0f"
        },
        {
          "type": "cssRules",
          "assetId": "qxPEdg9gbaUkFK",
          "checksum": "0ed864a32f666f8745a15821e686da0f"
        },
        {
          "type": "renderModule",
          "assetId": "sHiExf-SWIih0b",
          "checksum": "fc8040ccf28c6b37455ef2ce12d80965"
        },
        {
          "type": "cssRules",
          "assetId": "sHiExf-SWIih0b",
          "checksum": "fc8040ccf28c6b37455ef2ce12d80965"
        },
        {
          "type": "renderModule",
          "assetId": "gDGdgGWmQFBcwo",
          "checksum": "1b40060c06d416cc40a7e5b678603eb7"
        },
        {
          "type": "cssRules",
          "assetId": "gDGdgGWmQFBcwo",
          "checksum": "1b40060c06d416cc40a7e5b678603eb7"
        },
        {
          "type": "renderModule",
          "assetId": "NW1qZbORuhRoU6",
          "checksum": "722122045d19527cc73aa21da70a2c3e"
        },
        {
          "type": "cssRules",
          "assetId": "NW1qZbORuhRoU6",
          "checksum": "722122045d19527cc73aa21da70a2c3e"
        },
        {
          "type": "renderModule",
          "assetId": "B3fpUoa81tTFoP",
          "checksum": "38074d3f7bcae36a66c623a41d92b66a"
        },
        {
          "type": "cssRules",
          "assetId": "B3fpUoa81tTFoP",
          "checksum": "38074d3f7bcae36a66c623a41d92b66a"
        },
        {
          "type": "renderModule",
          "assetId": "vYp9wYEISqZH25",
          "checksum": "2191eb595b7413c6d19ac9df227f5d49"
        },
        {
          "type": "cssRules",
          "assetId": "vYp9wYEISqZH25",
          "checksum": "2191eb595b7413c6d19ac9df227f5d49"
        },
        {
          "type": "renderModule",
          "assetId": "p3glBiBisQ7UyW",
          "checksum": "3b1c299b634c9fc451f54c612eda4f87"
        },
        {
          "type": "cssRules",
          "assetId": "p3glBiBisQ7UyW",
          "checksum": "3b1c299b634c9fc451f54c612eda4f87"
        },
        {
          "type": "renderModule",
          "assetId": "VbeuJacaiGmlF9",
          "checksum": "b8c1e50df36bb7eea26f4d110b238eec"
        },
        {
          "type": "cssRules",
          "assetId": "VbeuJacaiGmlF9",
          "checksum": "b8c1e50df36bb7eea26f4d110b238eec"
        },
        {
          "type": "icon",
          "assetId": "e8k6nvBOxYZdOX",
          "checksum": "eb5b59612d53091dd6031ca0008816d4"
        },
        {
          "type": "icon",
          "assetId": "_7iMQeivxRx4jg",
          "checksum": "b0c825dbdcfb61d04f00f2dab8b10797"
        },
        {
          "type": "icon",
          "assetId": "mScF2DQT9GVhET",
          "checksum": "8e9ab3c1f847d92125253ea1c14c102b"
        },
        {
          "type": "icon",
          "assetId": "tr_RBPMlWpseuE",
          "checksum": "aa1144cbffe2d6abfa13660c646c47fa"
        },
        {
          "type": "icon",
          "assetId": "Jd9_6dAKAsBhzC",
          "checksum": "191653eb3ce5fd5a9473bd1004d6cb58"
        },
        {
          "type": "icon",
          "assetId": "aRUOMkPzGnAy-1",
          "checksum": "334c0f5ef2249b61965d0a589b16781e"
        },
        {
          "type": "icon",
          "assetId": "2wnKvgUwSa6MVJ",
          "checksum": "4fbccf89d5dd8eb3d1e0ad2a5cc17b02"
        },
        {
          "type": "icon",
          "assetId": "slXv3LWok4_i7T",
          "checksum": "d9ee73bb6007bc515d074c81a4750793"
        },
        {
          "type": "icon",
          "assetId": "hVrOwPdDHqryAR",
          "checksum": "7a4dd912e9ba4204b80ee6754003f47a"
        },
        {
          "type": "icon",
          "assetId": "yuygSXrnnWXBnl",
          "checksum": "775f02a3c79af66353a4494820a0127d"
        },
        {
          "type": "icon",
          "assetId": "px7mlYiiSPAD0h",
          "checksum": "eef5077b48ae3e93e983e61def9ab576"
        },
        {
          "type": "icon",
          "assetId": "4UGSZ45ZKY1rQi",
          "checksum": "a466c1aac21c19c585548360b3503616"
        },
        {
          "type": "icon",
          "assetId": "vzEkS1BoCOaPEi",
          "checksum": "25c0e2ee310b863b6a186e4c08944771"
        },
        {
          "type": "icon",
          "assetId": "qWitznQB1V8fIQ",
          "checksum": "9561ec19e143ace301c71dceca7a7f03"
        },
        {
          "type": "icon",
          "assetId": "N5kh8JtdhL1TgF",
          "checksum": "107b0e4b33665f73ca51f6c758ea028b"
        },
        {
          "type": "icon",
          "assetId": "_HxKqE4Sk11oAL",
          "checksum": "61c73302a2d12fb47c6f44a04f976b85"
        },
        {
          "type": "icon",
          "assetId": "3Svnyw0Ke-DJcX",
          "checksum": "c201b9f8e33fd0de8a146abc3b00e41d"
        },
        {
          "type": "icon",
          "assetId": "pDrZPBhc_uvLVi",
          "checksum": "10756cd12c987ffa381512705a72ca16"
        },
        {
          "type": "icon",
          "assetId": "MsLt9AoJUWAFW8",
          "checksum": "6dd697abd5e81b7782b82f1bf2d08b87"
        },
        {
          "type": "icon",
          "assetId": "fCIzPV_e47lmU8",
          "checksum": "717132cfd3e1d7473db0296c7bf87147"
        },
        {
          "type": "icon",
          "assetId": "0ick7Aphmvyf6M",
          "checksum": "062e0ffda37cadbc26e5fca135e31a17"
        },
        {
          "type": "icon",
          "assetId": "_6e0f_Q63gMBIp",
          "checksum": "b32a9e320707b0f0021c4c6efb4b8605"
        },
        {
          "type": "image",
          "assetId": "deyLCar-Y91yk3",
          "checksum": "207d788af83ec4a4ba83895e52832f7b"
        },
        {
          "type": "image",
          "assetId": "OWgQdYjViRg215",
          "checksum": "f5a73ec564528f4355901cff95b1f7a1"
        },
        {
          "type": "image",
          "assetId": "dCVIDQq4yEf7Ef",
          "checksum": "d9b343a1a2e2db3d2e9fdf511da2eeb3"
        },
        {
          "type": "image",
          "assetId": "MMrUgiO8P9IpoH",
          "checksum": "930d5e3b1fab32f2fbb24f0613f629bd"
        }
      ],
      "codegenVersion": "0.0.1"
    }
  ],
  "cliVersion": "0.1.208"
}
